
Microsoft Visual Studio Solution File, Format Version 12.00
# Visual Studio Version 17
VisualStudioVersion = 17.10.35013.160
MinimumVisualStudioVersion = 10.0.40219.1
Project("{FAE04EC0-301F-11D3-BF4B-00C04F79EFBC}") = "CMMS Maintenance System", "CMMS Maintenance System\CMMS Maintenance System.csproj", "{46BC6071-0ABE-4258-8A7C-92CF63561821}"
EndProject
Global
	GlobalSection(SolutionConfigurationPlatforms) = preSolution
		Debug|Any CPU = Debug|Any CPU
		Release|Any CPU = Release|Any CPU
	EndGlobalSection
	GlobalSection(ProjectConfigurationPlatforms) = postSolution
		{46BC6071-0ABE-4258-8A7C-92CF63561821}.Debug|Any CPU.ActiveCfg = Debug|Any CPU
		{46BC6071-0ABE-4258-8A7C-92CF63561821}.Debug|Any CPU.Build.0 = Debug|Any CPU
		{46BC6071-0ABE-4258-8A7C-92CF63561821}.Release|Any CPU.ActiveCfg = Release|Any CPU
		{46BC6071-0ABE-4258-8A7C-92CF63561821}.Release|Any CPU.Build.0 = Release|Any CPU
	EndGlobalSection
	GlobalSection(SolutionProperties) = preSolution
		HideSolutionNode = FALSE
	EndGlobalSection
	GlobalSection(ExtensibilityGlobals) = postSolution
		SolutionGuid = {CC85923B-C326-48AD-824C-0EA03C2532A5}
	EndGlobalSection
EndGlobal
